
Microsoft Visual Studio Solution File, Format Version 12.00
Project("{FAE04EC0-301F-11D3-BF4B-00C04F79EFBC}") = "Backend.Gateway.Api", "Backend.Gateway.Api\Backend.Gateway.Api.csproj", "{5A060566-5BE1-4B78-88A7-C9F407BD8F1B}"
EndProject
Project("{2150E333-8FDC-42A3-9474-1A3956D46DE8}") = "Backend.Gateway", "Backend.Gateway", "{B80D12BE-03F8-4D93-BDCE-145AE60B6B13}"
EndProject
Project("{FAE04EC0-301F-11D3-BF4B-00C04F79EFBC}") = "Backend.Gateway.Infrastructure", "Backend.Gateway.Infrastructure\Backend.Gateway.Infrastructure.csproj", "{3F95FE2D-03E8-464F-BA7B-51AC8CC17320}"
EndProject
Project("{FAE04EC0-301F-11D3-BF4B-00C04F79EFBC}") = "Backend.Shared", "Backend.Shared\Backend.Shared.csproj", "{6FAC461E-A7C3-4275-8569-6B8366975AD8}"
EndProject
Project("{2150E333-8FDC-42A3-9474-1A3956D46DE8}") = "Backend.Identity", "Backend.Identity", "{E2EEF360-6083-4DAE-B536-C401F6F9EBEB}"
EndProject
Project("{FAE04EC0-301F-11D3-BF4B-00C04F79EFBC}") = "Backend.Identity.Api", "Backend.Identity.Api\Backend.Identity.Api.csproj", "{AD3F0188-1B93-47C1-BBD4-E99C38D9FA2B}"
EndProject
Project("{FAE04EC0-301F-11D3-BF4B-00C04F79EFBC}") = "Backend.Identity.Domain", "Backend.Identity.Domain\Backend.Identity.Domain.csproj", "{A7D2D10F-5158-4A7C-A9F9-42119809A8F4}"
EndProject
Project("{FAE04EC0-301F-11D3-BF4B-00C04F79EFBC}") = "Backend.Identity.Application", "Backend.Identity.Application\Backend.Identity.Application.csproj", "{654088E8-FCE7-445C-A45C-EE4E145683E6}"
EndProject
Project("{FAE04EC0-301F-11D3-BF4B-00C04F79EFBC}") = "Backend.Identity.Infrastructure", "Backend.Identity.Infrastructure\Backend.Identity.Infrastructure.csproj", "{297AB512-828E-4BD0-BAC7-0C9F2C0D082E}"
EndProject
Global
	GlobalSection(SolutionConfigurationPlatforms) = preSolution
		Debug|Any CPU = Debug|Any CPU
		Release|Any CPU = Release|Any CPU
	EndGlobalSection
	GlobalSection(ProjectConfigurationPlatforms) = postSolution
		{5A060566-5BE1-4B78-88A7-C9F407BD8F1B}.Debug|Any CPU.ActiveCfg = Debug|Any CPU
		{5A060566-5BE1-4B78-88A7-C9F407BD8F1B}.Debug|Any CPU.Build.0 = Debug|Any CPU
		{5A060566-5BE1-4B78-88A7-C9F407BD8F1B}.Release|Any CPU.ActiveCfg = Release|Any CPU
		{5A060566-5BE1-4B78-88A7-C9F407BD8F1B}.Release|Any CPU.Build.0 = Release|Any CPU
		{3F95FE2D-03E8-464F-BA7B-51AC8CC17320}.Debug|Any CPU.ActiveCfg = Debug|Any CPU
		{3F95FE2D-03E8-464F-BA7B-51AC8CC17320}.Debug|Any CPU.Build.0 = Debug|Any CPU
		{3F95FE2D-03E8-464F-BA7B-51AC8CC17320}.Release|Any CPU.ActiveCfg = Release|Any CPU
		{3F95FE2D-03E8-464F-BA7B-51AC8CC17320}.Release|Any CPU.Build.0 = Release|Any CPU
		{6FAC461E-A7C3-4275-8569-6B8366975AD8}.Debug|Any CPU.ActiveCfg = Debug|Any CPU
		{6FAC461E-A7C3-4275-8569-6B8366975AD8}.Debug|Any CPU.Build.0 = Debug|Any CPU
		{6FAC461E-A7C3-4275-8569-6B8366975AD8}.Release|Any CPU.ActiveCfg = Release|Any CPU
		{6FAC461E-A7C3-4275-8569-6B8366975AD8}.Release|Any CPU.Build.0 = Release|Any CPU
		{AD3F0188-1B93-47C1-BBD4-E99C38D9FA2B}.Debug|Any CPU.ActiveCfg = Debug|Any CPU
		{AD3F0188-1B93-47C1-BBD4-E99C38D9FA2B}.Debug|Any CPU.Build.0 = Debug|Any CPU
		{AD3F0188-1B93-47C1-BBD4-E99C38D9FA2B}.Release|Any CPU.ActiveCfg = Release|Any CPU
		{AD3F0188-1B93-47C1-BBD4-E99C38D9FA2B}.Release|Any CPU.Build.0 = Release|Any CPU
		{839AA367-D990-47A9-9BF3-5F99D2745449}.Debug|Any CPU.ActiveCfg = Debug|Any CPU
		{839AA367-D990-47A9-9BF3-5F99D2745449}.Debug|Any CPU.Build.0 = Debug|Any CPU
		{839AA367-D990-47A9-9BF3-5F99D2745449}.Release|Any CPU.ActiveCfg = Release|Any CPU
		{839AA367-D990-47A9-9BF3-5F99D2745449}.Release|Any CPU.Build.0 = Release|Any CPU
		{A7D2D10F-5158-4A7C-A9F9-42119809A8F4}.Debug|Any CPU.ActiveCfg = Debug|Any CPU
		{A7D2D10F-5158-4A7C-A9F9-42119809A8F4}.Debug|Any CPU.Build.0 = Debug|Any CPU
		{A7D2D10F-5158-4A7C-A9F9-42119809A8F4}.Release|Any CPU.ActiveCfg = Release|Any CPU
		{A7D2D10F-5158-4A7C-A9F9-42119809A8F4}.Release|Any CPU.Build.0 = Release|Any CPU
		{654088E8-FCE7-445C-A45C-EE4E145683E6}.Debug|Any CPU.ActiveCfg = Debug|Any CPU
		{654088E8-FCE7-445C-A45C-EE4E145683E6}.Debug|Any CPU.Build.0 = Debug|Any CPU
		{654088E8-FCE7-445C-A45C-EE4E145683E6}.Release|Any CPU.ActiveCfg = Release|Any CPU
		{654088E8-FCE7-445C-A45C-EE4E145683E6}.Release|Any CPU.Build.0 = Release|Any CPU
		{297AB512-828E-4BD0-BAC7-0C9F2C0D082E}.Debug|Any CPU.ActiveCfg = Debug|Any CPU
		{297AB512-828E-4BD0-BAC7-0C9F2C0D082E}.Debug|Any CPU.Build.0 = Debug|Any CPU
		{297AB512-828E-4BD0-BAC7-0C9F2C0D082E}.Release|Any CPU.ActiveCfg = Release|Any CPU
		{297AB512-828E-4BD0-BAC7-0C9F2C0D082E}.Release|Any CPU.Build.0 = Release|Any CPU
	EndGlobalSection
	GlobalSection(NestedProjects) = preSolution
		{3F95FE2D-03E8-464F-BA7B-51AC8CC17320} = {B80D12BE-03F8-4D93-BDCE-145AE60B6B13}
		{5A060566-5BE1-4B78-88A7-C9F407BD8F1B} = {B80D12BE-03F8-4D93-BDCE-145AE60B6B13}
		{AD3F0188-1B93-47C1-BBD4-E99C38D9FA2B} = {E2EEF360-6083-4DAE-B536-C401F6F9EBEB}
		{839AA367-D990-47A9-9BF3-5F99D2745449} = {E2EEF360-6083-4DAE-B536-C401F6F9EBEB}
		{A7D2D10F-5158-4A7C-A9F9-42119809A8F4} = {E2EEF360-6083-4DAE-B536-C401F6F9EBEB}
		{654088E8-FCE7-445C-A45C-EE4E145683E6} = {E2EEF360-6083-4DAE-B536-C401F6F9EBEB}
		{297AB512-828E-4BD0-BAC7-0C9F2C0D082E} = {E2EEF360-6083-4DAE-B536-C401F6F9EBEB}
	EndGlobalSection
EndGlobal
